// !$*UTF8*$!
{
	archiveVersion = 1;
	classes = {
	};
	objectVersion = 77;
	objects = {

/* Begin PBXBuildFile section */
		181E3AB72F802080006DCDBB /* LD Tambourine Hard.wav in Resources */ = {isa = PBXBuildFile; fileRef = 181E3AA32F802080006DCDBB /* LD Tambourine Hard.wav */; };
		181E3ABD2F802080006DCDBB /* LD Snare Hard.wav in Resources */ = {isa = PBXBuildFile; fileRef = 181E3AA02F802080006DCDBB /* LD Snare Hard.wav */; };
		181E3ABE2F802080006DCDBB /* LD Ride Hard.wav in Resources */ = {isa = PBXBuildFile; fileRef = 181E3A9D2F802080006DCDBB /* LD Ride Hard.wav */; };
		181E3AC12F802080006DCDBB /* LD Conga Hi.wav in Resources */ = {isa = PBXBuildFile; fileRef = 181E3A942F802080006DCDBB /* LD Conga Hi.wav */; };
		181E3AC42F802080006DCDBB /* LD Kick Hard.wav in Resources */ = {isa = PBXBuildFile; fileRef = 181E3A9B2F802080006DCDBB /* LD Kick Hard.wav */; };
		181E3AC72F802080006DCDBB /* LD Conga Low.wav in Resources */ = {isa = PBXBuildFile; fileRef = 181E3A952F802080006DCDBB /* LD Conga Low.wav */; };
		181E3ACB2F802080006DCDBB /* LD Snare Soft.wav in Resources */ = {isa = PBXBuildFile; fileRef = 181E3AA22F802080006DCDBB /* LD Snare Soft.wav */; };
		181E3ACC2F802080006DCDBB /* LD Hat Open.wav in Resources */ = {isa = PBXBuildFile; fileRef = 181E3A9A2F802080006DCDBB /* LD Hat Open.wav */; };
		181E3ACF2F802080006DCDBB /* LD Clap.wav in Resources */ = {isa = PBXBuildFile; fileRef = 181E3A932F802080006DCDBB /* LD Clap.wav */; };
		181E3AD02F802080006DCDBB /* LD Tom3.wav in Resources */ = {isa = PBXBuildFile; fileRef = 181E3AA72F802080006DCDBB /* LD Tom3.wav */; };
		181E3AD12F802080006DCDBB /* LD Cowbell.wav in Resources */ = {isa = PBXBuildFile; fileRef = 181E3A962F802080006DCDBB /* LD Cowbell.wav */; };
		181E3AD82F802080006DCDBB /* LD Cabasa Soft.wav in Resources */ = {isa = PBXBuildFile; fileRef = 181E3A922F802080006DCDBB /* LD Cabasa Soft.wav */; };
		181E3ADB2F802080006DCDBB /* LD Tom2.wav in Resources */ = {isa = PBXBuildFile; fileRef = 181E3AA62F802080006DCDBB /* LD Tom2.wav */; };
		181E3ADC2F802080006DCDBB /* LD Crash.wav in Resources */ = {isa = PBXBuildFile; fileRef = 181E3A972F802080006DCDBB /* LD Crash.wav */; };
		181E3ADD2F802080006DCDBB /* LD Snare Mid.wav in Resources */ = {isa = PBXBuildFile; fileRef = 181E3AA12F802080006DCDBB /* LD Snare Mid.wav */; };
		181E3AE32F802080006DCDBB /* LD Tambourine Soft.wav in Resources */ = {isa = PBXBuildFile; fileRef = 181E3AA42F802080006DCDBB /* LD Tambourine Soft.wav */; };
		181E3AE82F802080006DCDBB /* LD Tom1.wav in Resources */ = {isa = PBXBuildFile; fileRef = 181E3AA52F802080006DCDBB /* LD Tom1.wav */; };
		181E3AE92F802080006DCDBB /* LD Kick Soft.wav in Resources */ = {isa = PBXBuildFile; fileRef = 181E3A9C2F802080006DCDBB /* LD Kick Soft.wav */; };
		181E3AEB2F802080006DCDBB /* LD Hat Close.wav in Resources */ = {isa = PBXBuildFile; fileRef = 181E3A982F802080006DCDBB /* LD Hat Close.wav */; };
		181E3AED2F802080006DCDBB /* LD Sidestick.wav in Resources */ = {isa = PBXBuildFile; fileRef = 181E3A9F2F802080006DCDBB /* LD Sidestick.wav */; };
		181E3AF02F802080006DCDBB /* LD Hat Med.wav in Resources */ = {isa = PBXBuildFile; fileRef = 181E3A992F802080006DCDBB /* LD Hat Med.wav */; };
		181E3AF12F802080006DCDBB /* LD Ride Soft.wav in Resources */ = {isa = PBXBuildFile; fileRef = 181E3A9E2F802080006DCDBB /* LD Ride Soft.wav */; };
		181E3AFF2F802080006DCDBB /* LD Cabasa Hard.wav in Resources */ = {isa = PBXBuildFile; fileRef = 181E3A912F802080006DCDBB /* LD Cabasa Hard.wav */; };
		181E3B352F803D4C006DCDBB /* DT Rim.wav in Resources */ = {isa = PBXBuildFile; fileRef = 181E3B302F803D4C006DCDBB /* DT Rim.wav */; };
		181E3B362F803D4C006DCDBB /* DT Kick.wav in Resources */ = {isa = PBXBuildFile; fileRef = 181E3B2D2F803D4C006DCDBB /* DT Kick.wav */; };
		181E3B372F803D4C006DCDBB /* DT Ride.wav in Resources */ = {isa = PBXBuildFile; fileRef = 181E3B2F2F803D4C006DCDBB /* DT Ride.wav */; };
		181E3B382F803D4C006DCDBB /* DT Snare.wav in Resources */ = {isa = PBXBuildFile; fileRef = 181E3B312F803D4C006DCDBB /* DT Snare.wav */; };
		181E3B392F803D4C006DCDBB /* DT Cabasa.wav in Resources */ = {isa = PBXBuildFile; fileRef = 181E3B292F803D4C006DCDBB /* DT Cabasa.wav */; };
		181E3B3A2F803D4C006DCDBB /* DT OHH.wav in Resources */ = {isa = PBXBuildFile; fileRef = 181E3B2E2F803D4C006DCDBB /* DT OHH.wav */; };
		181E3B3B2F803D4C006DCDBB /* DT Crash.wav in Resources */ = {isa = PBXBuildFile; fileRef = 181E3B2C2F803D4C006DCDBB /* DT Crash.wav */; };
		181E3B3C2F803D4C006DCDBB /* DT Tom1.wav in Resources */ = {isa = PBXBuildFile; fileRef = 181E3B322F803D4C006DCDBB /* DT Tom1.wav */; };
		181E3B3D2F803D4C006DCDBB /* DT Tom2.wav in Resources */ = {isa = PBXBuildFile; fileRef = 181E3B332F803D4C006DCDBB /* DT Tom2.wav */; };
		181E3B3E2F803D4C006DCDBB /* DT CHH.wav in Resources */ = {isa = PBXBuildFile; fileRef = 181E3B2A2F803D4C006DCDBB /* DT CHH.wav */; };
		181E3B3F2F803D4C006DCDBB /* DT Cowbell.wav in Resources */ = {isa = PBXBuildFile; fileRef = 181E3B2B2F803D4C006DCDBB /* DT Cowbell.wav */; };
		181E3B802F805492006DCDBB /* 909 Tom 1.wav in Resources */ = {isa = PBXBuildFile; fileRef = 181E3B7B2F805492006DCDBB /* 909 Tom 1.wav */; };
		181E3B812F805492006DCDBB /* 909 Snare 3.wav in Resources */ = {isa = PBXBuildFile; fileRef = 181E3B7A2F805492006DCDBB /* 909 Snare 3.wav */; };
		181E3B822F805492006DCDBB /* 909 Crash 1.wav in Resources */ = {isa = PBXBuildFile; fileRef = 181E3B6C2F805492006DCDBB /* 909 Crash 1.wav */; };
		181E3B832F805492006DCDBB /* 909 Tom 4.wav in Resources */ = {isa = PBXBuildFile; fileRef = 181E3B7E2F805492006DCDBB /* 909 Tom 4.wav */; };
		181E3B842F805492006DCDBB /* 909 Closed Hat.wav in Resources */ = {isa = PBXBuildFile; fileRef = 181E3B6A2F805492006DCDBB /* 909 Closed Hat.wav */; };
		181E3B852F805492006DCDBB /* 909 Snare 1.wav in Resources */ = {isa = PBXBuildFile; fileRef = 181E3B782F805492006DCDBB /* 909 Snare 1.wav */; };
		181E3B862F805492006DCDBB /* 909 Tom 3.wav in Resources */ = {isa = PBXBuildFile; fileRef = 181E3B7D2F805492006DCDBB /* 909 Tom 3.wav */; };
		181E3B872F805492006DCDBB /* 909 Open Hat.wav in Resources */ = {isa = PBXBuildFile; fileRef = 181E3B722F805492006DCDBB /* 909 Open Hat.wav */; };
		181E3B882F805492006DCDBB /* 909 Kick 2.wav in Resources */ = {isa = PBXBuildFile; fileRef = 181E3B712F805492006DCDBB /* 909 Kick 2.wav */; };
		181E3B892F805492006DCDBB /* 909 Rim Shot.wav in Resources */ = {isa = PBXBuildFile; fileRef = 181E3B772F805492006DCDBB /* 909 Rim Shot.wav */; };
		181E3B8A2F805492006DCDBB /* 909 Closed Hat 2.wav in Resources */ = {isa = PBXBuildFile; fileRef = 181E3B6B2F805492006DCDBB /* 909 Closed Hat 2.wav */; };
		181E3B8B2F805492006DCDBB /* 909 Ride 3.wav in Resources */ = {isa = PBXBuildFile; fileRef = 181E3B762F805492006DCDBB /* 909 Ride 3.wav */; };
		181E3B8C2F805492006DCDBB /* 909 Crash 2.wav in Resources */ = {isa = PBXBuildFile; fileRef = 181E3B6D2F805492006DCDBB /* 909 Crash 2.wav */; };
		181E3B8D2F805492006DCDBB /* 909 Ride 1.wav in Resources */ = {isa = PBXBuildFile; fileRef = 181E3B742F805492006DCDBB /* 909 Ride 1.wav */; };
		181E3B8E2F805492006DCDBB /* 909 Clap 2.wav in Resources */ = {isa = PBXBuildFile; fileRef = 181E3B692F805492006DCDBB /* 909 Clap 2.wav */; };
		181E3B8F2F805492006DCDBB /* 909 Kick 1.wav in Resources */ = {isa = PBXBuildFile; fileRef = 181E3B702F805492006DCDBB /* 909 Kick 1.wav */; };
		181E3B902F805492006DCDBB /* 909 Ride 2.wav in Resources */ = {isa = PBXBuildFile; fileRef = 181E3B752F805492006DCDBB /* 909 Ride 2.wav */; };
		181E3B912F805492006DCDBB /* 909 Snare 2.wav in Resources */ = {isa = PBXBuildFile; fileRef = 181E3B792F805492006DCDBB /* 909 Snare 2.wav */; };
		181E3B922F805492006DCDBB /* 909 Open Hat 2.wav in Resources */ = {isa = PBXBuildFile; fileRef = 181E3B732F805492006DCDBB /* 909 Open Hat 2.wav */; };
		181E3B932F805492006DCDBB /* 909 Tom 2.wav in Resources */ = {isa = PBXBuildFile; fileRef = 181E3B7C2F805492006DCDBB /* 909 Tom 2.wav */; };
		181E3B942F805492006DCDBB /* 909 Crash 3.wav in Resources */ = {isa = PBXBuildFile; fileRef = 181E3B6E2F805492006DCDBB /* 909 Crash 3.wav */; };
		181E3B952F805492006DCDBB /* 909 Hi Hat 1.wav in Resources */ = {isa = PBXBuildFile; fileRef = 181E3B6F2F805492006DCDBB /* 909 Hi Hat 1.wav */; };
		181E3B962F805492006DCDBB /* 909 Clap 1.wav in Resources */ = {isa = PBXBuildFile; fileRef = 181E3B682F805492006DCDBB /* 909 Clap 1.wav */; };
		181E3BBC2F87FC69006DCDBB /* 505 Tom2.wav in Resources */ = {isa = PBXBuildFile; fileRef = 181E3BB92F87FC69006DCDBB /* 505 Tom2.wav */; };
		181E3BBD2F87FC69006DCDBB /* 505 Rim.wav in Resources */ = {isa = PBXBuildFile; fileRef = 181E3BB52F87FC69006DCDBB /* 505 Rim.wav */; };
		181E3BBE2F87FC69006DCDBB /* 505 Crash.wav in Resources */ = {isa = PBXBuildFile; fileRef = 181E3BB12F87FC69006DCDBB /* 505 Crash.wav */; };
		181E3BBF2F87FC69006DCDBB /* 505 Timbale.wav in Resources */ = {isa = PBXBuildFile; fileRef = 181E3BB72F87FC69006DCDBB /* 505 Timbale.wav */; };
		181E3BC02F87FC69006DCDBB /* 505 Tom3.wav in Resources */ = {isa = PBXBuildFile; fileRef = 181E3BBA2F87FC69006DCDBB /* 505 Tom3.wav */; };
		181E3BC12F87FC69006DCDBB /* 505 Conga Low.wav in Resources */ = {isa = PBXBuildFile; fileRef = 181E3BAE2F87FC69006DCDBB /* 505 Conga Low.wav */; };
		181E3BC22F87FC69006DCDBB /* 505 Kick.wav in Resources */ = {isa = PBXBuildFile; fileRef = 181E3BB22F87FC69006DCDBB /* 505 Kick.wav */; };
		181E3BC32F87FC69006DCDBB /* 505 Conga Hi.wav in Resources */ = {isa = PBXBuildFile; fileRef = 181E3BAD2F87FC69006DCDBB /* 505 Conga Hi.wav */; };
		181E3BC42F87FC69006DCDBB /* 505 Ride.wav in Resources */ = {isa = PBXBuildFile; fileRef = 181E3BB42F87FC69006DCDBB /* 505 Ride.wav */; };
		181E3BC52F87FC69006DCDBB /* 505 OHH.wav in Resources */ = {isa = PBXBuildFile; fileRef = 181E3BB32F87FC69006DCDBB /* 505 OHH.wav */; };
		181E3BC62F87FC69006DCDBB /* 505 Cowbell Hi.wav in Resources */ = {isa = PBXBuildFile; fileRef = 181E3BAF2F87FC69006DCDBB /* 505 Cowbell Hi.wav */; };
		181E3BC72F87FC69006DCDBB /* 505 CHH.wav in Resources */ = {isa = PBXBuildFile; fileRef = 181E3BAB2F87FC69006DCDBB /* 505 CHH.wav */; };
		181E3BC82F87FC69006DCDBB /* 505 Snare.wav in Resources */ = {isa = PBXBuildFile; fileRef = 181E3BB62F87FC69006DCDBB /* 505 Snare.wav */; };
		181E3BC92F87FC69006DCDBB /* 505 Cowbell Low.wav in Resources */ = {isa = PBXBuildFile; fileRef = 181E3BB02F87FC69006DCDBB /* 505 Cowbell Low.wav */; };
		181E3BCA2F87FC69006DCDBB /* 505 Clap.wav in Resources */ = {isa = PBXBuildFile; fileRef = 181E3BAC2F87FC69006DCDBB /* 505 Clap.wav */; };
		181E3BCB2F87FC69006DCDBB /* 505 Tom1.wav in Resources */ = {isa = PBXBuildFile; fileRef = 181E3BB82F87FC69006DCDBB /* 505 Tom1.wav */; };
		1863D0792F6E394F0043032C /* Claves.wav in Resources */ = {isa = PBXBuildFile; fileRef = 1863D0622F6E394F0043032C /* Claves.wav */; };
		1863D07A2F6E394F0043032C /* Rimshot.wav in Resources */ = {isa = PBXBuildFile; fileRef = 1863D0702F6E394F0043032C /* Rimshot.wav */; };
		1863D07B2F6E394F0043032C /* Conga Low.wav in Resources */ = {isa = PBXBuildFile; fileRef = 1863D0642F6E394F0043032C /* Conga Low.wav */; };
		1863D07C2F6E394F0043032C /* Snare High.wav in Resources */ = {isa = PBXBuildFile; fileRef = 1863D0722F6E394F0043032C /* Snare High.wav */; };
		1863D07D2F6E394F0043032C /* Clap.wav in Resources */ = {isa = PBXBuildFile; fileRef = 1863D0612F6E394F0043032C /* Clap.wav */; };
		1863D07E2F6E394F0043032C /* Kick Mid.wav in Resources */ = {isa = PBXBuildFile; fileRef = 1863D06B2F6E394F0043032C /* Kick Mid.wav */; };
		1863D07F2F6E394F0043032C /* Kick Long.wav in Resources */ = {isa = PBXBuildFile; fileRef = 1863D06A2F6E394F0043032C /* Kick Long.wav */; };
		1863D0802F6E394F0043032C /* Hihat.wav in Resources */ = {isa = PBXBuildFile; fileRef = 1863D0682F6E394F0043032C /* Hihat.wav */; };
		1863D0812F6E394F0043032C /* Open Hat Short.wav in Resources */ = {isa = PBXBuildFile; fileRef = 1863D06F2F6E394F0043032C /* Open Hat Short.wav */; };
		1863D0822F6E394F0043032C /* Tom Low.wav in Resources */ = {isa = PBXBuildFile; fileRef = 1863D0762F6E394F0043032C /* Tom Low.wav */; };
		1863D0832F6E394F0043032C /* Kick Short.wav in Resources */ = {isa = PBXBuildFile; fileRef = 1863D06C2F6E394F0043032C /* Kick Short.wav */; };
		1863D0842F6E394F0043032C /* Snare Low.wav in Resources */ = {isa = PBXBuildFile; fileRef = 1863D0732F6E394F0043032C /* Snare Low.wav */; };
		1863D0852F6E394F0043032C /* Cowbell.wav in Resources */ = {isa = PBXBuildFile; fileRef = 1863D0662F6E394F0043032C /* Cowbell.wav */; };
		1863D0862F6E394F0043032C /* Maracas.wav in Resources */ = {isa = PBXBuildFile; fileRef = 1863D06D2F6E394F0043032C /* Maracas.wav */; };
		1863D0872F6E394F0043032C /* Conga Mid.wav in Resources */ = {isa = PBXBuildFile; fileRef = 1863D0652F6E394F0043032C /* Conga Mid.wav */; };
		1863D0882F6E394F0043032C /* Tom Mid.wav in Resources */ = {isa = PBXBuildFile; fileRef = 1863D0772F6E394F0043032C /* Tom Mid.wav */; };
		1863D0892F6E394F0043032C /* Cymbal.wav in Resources */ = {isa = PBXBuildFile; fileRef = 1863D0672F6E394F0043032C /* Cymbal.wav */; };
		1863D08A2F6E394F0043032C /* Snare Mid.wav in Resources */ = {isa = PBXBuildFile; fileRef = 1863D0742F6E394F0043032C /* Snare Mid.wav */; };
		1863D08B2F6E394F0043032C /* 808.wav in Resources */ = {isa = PBXBuildFile; fileRef = 1863D0602F6E394F0043032C /* 808.wav */; };
		1863D08C2F6E394F0043032C /* Kick Basic.wav in Resources */ = {isa = PBXBuildFile; fileRef = 1863D0692F6E394F0043032C /* Kick Basic.wav */; };
		1863D08D2F6E394F0043032C /* Snare Bright.wav in Resources */ = {isa = PBXBuildFile; fileRef = 1863D0712F6E394F0043032C /* Snare Bright.wav */; };
		1863D08E2F6E394F0043032C /* Tom High.wav in Resources */ = {isa = PBXBuildFile; fileRef = 1863D0752F6E394F0043032C /* Tom High.wav */; };
		1863D08F2F6E394F0043032C /* Conga High.wav in Resources */ = {isa = PBXBuildFile; fileRef = 1863D0632F6E394F0043032C /* Conga High.wav */; };
		1863D0902F6E394F0043032C /* Open Hat Long.wav in Resources */ = {isa = PBXBuildFile; fileRef = 1863D06E2F6E394F0043032C /* Open Hat Long.wav */; };
/* End PBXBuildFile section */

/* Begin PBXFileReference section */
		181E3A912F802080006DCDBB /* LD Cabasa Hard.wav */ = {isa = PBXFileReference; lastKnownFileType = audio.wav; path = "LD Cabasa Hard.wav"; sourceTree = "<group>"; };
		181E3A922F802080006DCDBB /* LD Cabasa Soft.wav */ = {isa = PBXFileReference; lastKnownFileType = audio.wav; path = "LD Cabasa Soft.wav"; sourceTree = "<group>"; };
		181E3A932F802080006DCDBB /* LD Clap.wav */ = {isa = PBXFileReference; lastKnownFileType = audio.wav; path = "LD Clap.wav"; sourceTree = "<group>"; };
		181E3A942F802080006DCDBB /* LD Conga Hi.wav */ = {isa = PBXFileReference; lastKnownFileType = audio.wav; path = "LD Conga Hi.wav"; sourceTree = "<group>"; };
		181E3A952F802080006DCDBB /* LD Conga Low.wav */ = {isa = PBXFileReference; lastKnownFileType = audio.wav; path = "LD Conga Low.wav"; sourceTree = "<group>"; };
		181E3A962F802080006DCDBB /* LD Cowbell.wav */ = {isa = PBXFileReference; lastKnownFileType = audio.wav; path = "LD Cowbell.wav"; sourceTree = "<group>"; };
		181E3A972F802080006DCDBB /* LD Crash.wav */ = {isa = PBXFileReference; lastKnownFileType = audio.wav; path = "LD Crash.wav"; sourceTree = "<group>"; };
		181E3A982F802080006DCDBB /* LD Hat Close.wav */ = {isa = PBXFileReference; lastKnownFileType = audio.wav; path = "LD Hat Close.wav"; sourceTree = "<group>"; };
		181E3A992F802080006DCDBB /* LD Hat Med.wav */ = {isa = PBXFileReference; lastKnownFileType = audio.wav; path = "LD Hat Med.wav"; sourceTree = "<group>"; };
		181E3A9A2F802080006DCDBB /* LD Hat Open.wav */ = {isa = PBXFileReference; lastKnownFileType = audio.wav; path = "LD Hat Open.wav"; sourceTree = "<group>"; };
		181E3A9B2F802080006DCDBB /* LD Kick Hard.wav */ = {isa = PBXFileReference; lastKnownFileType = audio.wav; path = "LD Kick Hard.wav"; sourceTree = "<group>"; };
		181E3A9C2F802080006DCDBB /* LD Kick Soft.wav */ = {isa = PBXFileReference; lastKnownFileType = audio.wav; path = "LD Kick Soft.wav"; sourceTree = "<group>"; };
		181E3A9D2F802080006DCDBB /* LD Ride Hard.wav */ = {isa = PBXFileReference; lastKnownFileType = audio.wav; path = "LD Ride Hard.wav"; sourceTree = "<group>"; };
		181E3A9E2F802080006DCDBB /* LD Ride Soft.wav */ = {isa = PBXFileReference; lastKnownFileType = audio.wav; path = "LD Ride Soft.wav"; sourceTree = "<group>"; };
		181E3A9F2F802080006DCDBB /* LD Sidestick.wav */ = {isa = PBXFileReference; lastKnownFileType = audio.wav; path = "LD Sidestick.wav"; sourceTree = "<group>"; };
		181E3AA02F802080006DCDBB /* LD Snare Hard.wav */ = {isa = PBXFileReference; lastKnownFileType = audio.wav; path = "LD Snare Hard.wav"; sourceTree = "<group>"; };
		181E3AA12F802080006DCDBB /* LD Snare Mid.wav */ = {isa = PBXFileReference; lastKnownFileType = audio.wav; path = "LD Snare Mid.wav"; sourceTree = "<group>"; };
		181E3AA22F802080006DCDBB /* LD Snare Soft.wav */ = {isa = PBXFileReference; lastKnownFileType = audio.wav; path = "LD Snare Soft.wav"; sourceTree = "<group>"; };
		181E3AA32F802080006DCDBB /* LD Tambourine Hard.wav */ = {isa = PBXFileReference; lastKnownFileType = audio.wav; path = "LD Tambourine Hard.wav"; sourceTree = "<group>"; };
		181E3AA42F802080006DCDBB /* LD Tambourine Soft.wav */ = {isa = PBXFileReference; lastKnownFileType = audio.wav; path = "LD Tambourine Soft.wav"; sourceTree = "<group>"; };
		181E3AA52F802080006DCDBB /* LD Tom1.wav */ = {isa = PBXFileReference; lastKnownFileType = audio.wav; path = "LD Tom1.wav"; sourceTree = "<group>"; };
		181E3AA62F802080006DCDBB /* LD Tom2.wav */ = {isa = PBXFileReference; lastKnownFileType = audio.wav; path = "LD Tom2.wav"; sourceTree = "<group>"; };
		181E3AA72F802080006DCDBB /* LD Tom3.wav */ = {isa = PBXFileReference; lastKnownFileType = audio.wav; path = "LD Tom3.wav"; sourceTree = "<group>"; };
		181E3B292F803D4C006DCDBB /* DT Cabasa.wav */ = {isa = PBXFileReference; lastKnownFileType = audio.wav; path = "DT Cabasa.wav"; sourceTree = "<group>"; };
		181E3B2A2F803D4C006DCDBB /* DT CHH.wav */ = {isa = PBXFileReference; lastKnownFileType = audio.wav; path = "DT CHH.wav"; sourceTree = "<group>"; };
		181E3B2B2F803D4C006DCDBB /* DT Cowbell.wav */ = {isa = PBXFileReference; lastKnownFileType = audio.wav; path = "DT Cowbell.wav"; sourceTree = "<group>"; };
		181E3B2C2F803D4C006DCDBB /* DT Crash.wav */ = {isa = PBXFileReference; lastKnownFileType = audio.wav; path = "DT Crash.wav"; sourceTree = "<group>"; };
		181E3B2D2F803D4C006DCDBB /* DT Kick.wav */ = {isa = PBXFileReference; lastKnownFileType = audio.wav; path = "DT Kick.wav"; sourceTree = "<group>"; };
		181E3B2E2F803D4C006DCDBB /* DT OHH.wav */ = {isa = PBXFileReference; lastKnownFileType = audio.wav; path = "DT OHH.wav"; sourceTree = "<group>"; };
		181E3B2F2F803D4C006DCDBB /* DT Ride.wav */ = {isa = PBXFileReference; lastKnownFileType = audio.wav; path = "DT Ride.wav"; sourceTree = "<group>"; };
		181E3B302F803D4C006DCDBB /* DT Rim.wav */ = {isa = PBXFileReference; lastKnownFileType = audio.wav; path = "DT Rim.wav"; sourceTree = "<group>"; };
		181E3B312F803D4C006DCDBB /* DT Snare.wav */ = {isa = PBXFileReference; lastKnownFileType = audio.wav; path = "DT Snare.wav"; sourceTree = "<group>"; };
		181E3B322F803D4C006DCDBB /* DT Tom1.wav */ = {isa = PBXFileReference; lastKnownFileType = audio.wav; path = "DT Tom1.wav"; sourceTree = "<group>"; };
		181E3B332F803D4C006DCDBB /* DT Tom2.wav */ = {isa = PBXFileReference; lastKnownFileType = audio.wav; path = "DT Tom2.wav"; sourceTree = "<group>"; };
		181E3B682F805492006DCDBB /* 909 Clap 1.wav */ = {isa = PBXFileReference; lastKnownFileType = audio.wav; path = "909 Clap 1.wav"; sourceTree = "<group>"; };
		181E3B692F805492006DCDBB /* 909 Clap 2.wav */ = {isa = PBXFileReference; lastKnownFileType = audio.wav; path = "909 Clap 2.wav"; sourceTree = "<group>"; };
		181E3B6A2F805492006DCDBB /* 909 Closed Hat.wav */ = {isa = PBXFileReference; lastKnownFileType = audio.wav; path = "909 Closed Hat.wav"; sourceTree = "<group>"; };
		181E3B6B2F805492006DCDBB /* 909 Closed Hat 2.wav */ = {isa = PBXFileReference; lastKnownFileType = audio.wav; path = "909 Closed Hat 2.wav"; sourceTree = "<group>"; };
		181E3B6C2F805492006DCDBB /* 909 Crash 1.wav */ = {isa = PBXFileReference; lastKnownFileType = audio.wav; path = "909 Crash 1.wav"; sourceTree = "<group>"; };
		181E3B6D2F805492006DCDBB /* 909 Crash 2.wav */ = {isa = PBXFileReference; lastKnownFileType = audio.wav; path = "909 Crash 2.wav"; sourceTree = "<group>"; };
		181E3B6E2F805492006DCDBB /* 909 Crash 3.wav */ = {isa = PBXFileReference; lastKnownFileType = audio.wav; path = "909 Crash 3.wav"; sourceTree = "<group>"; };
		181E3B6F2F805492006DCDBB /* 909 Hi Hat 1.wav */ = {isa = PBXFileReference; lastKnownFileType = audio.wav; path = "909 Hi Hat 1.wav"; sourceTree = "<group>"; };
		181E3B702F805492006DCDBB /* 909 Kick 1.wav */ = {isa = PBXFileReference; lastKnownFileType = audio.wav; path = "909 Kick 1.wav"; sourceTree = "<group>"; };
		181E3B712F805492006DCDBB /* 909 Kick 2.wav */ = {isa = PBXFileReference; lastKnownFileType = audio.wav; path = "909 Kick 2.wav"; sourceTree = "<group>"; };
		181E3B722F805492006DCDBB /* 909 Open Hat.wav */ = {isa = PBXFileReference; lastKnownFileType = audio.wav; path = "909 Open Hat.wav"; sourceTree = "<group>"; };
		181E3B732F805492006DCDBB /* 909 Open Hat 2.wav */ = {isa = PBXFileReference; lastKnownFileType = audio.wav; path = "909 Open Hat 2.wav"; sourceTree = "<group>"; };
		181E3B742F805492006DCDBB /* 909 Ride 1.wav */ = {isa = PBXFileReference; lastKnownFileType = audio.wav; path = "909 Ride 1.wav"; sourceTree = "<group>"; };
		181E3B752F805492006DCDBB /* 909 Ride 2.wav */ = {isa = PBXFileReference; lastKnownFileType = audio.wav; path = "909 Ride 2.wav"; sourceTree = "<group>"; };
		181E3B762F805492006DCDBB /* 909 Ride 3.wav */ = {isa = PBXFileReference; lastKnownFileType = audio.wav; path = "909 Ride 3.wav"; sourceTree = "<group>"; };
		181E3B772F805492006DCDBB /* 909 Rim Shot.wav */ = {isa = PBXFileReference; lastKnownFileType = audio.wav; path = "909 Rim Shot.wav"; sourceTree = "<group>"; };
		181E3B782F805492006DCDBB /* 909 Snare 1.wav */ = {isa = PBXFileReference; lastKnownFileType = audio.wav; path = "909 Snare 1.wav"; sourceTree = "<group>"; };
		181E3B792F805492006DCDBB /* 909 Snare 2.wav */ = {isa = PBXFileReference; lastKnownFileType = audio.wav; path = "909 Snare 2.wav"; sourceTree = "<group>"; };
		181E3B7A2F805492006DCDBB /* 909 Snare 3.wav */ = {isa = PBXFileReference; lastKnownFileType = audio.wav; path = "909 Snare 3.wav"; sourceTree = "<group>"; };
		181E3B7B2F805492006DCDBB /* 909 Tom 1.wav */ = {isa = PBXFileReference; lastKnownFileType = audio.wav; path = "909 Tom 1.wav"; sourceTree = "<group>"; };
		181E3B7C2F805492006DCDBB /* 909 Tom 2.wav */ = {isa = PBXFileReference; lastKnownFileType = audio.wav; path = "909 Tom 2.wav"; sourceTree = "<group>"; };
		181E3B7D2F805492006DCDBB /* 909 Tom 3.wav */ = {isa = PBXFileReference; lastKnownFileType = audio.wav; path = "909 Tom 3.wav"; sourceTree = "<group>"; };
		181E3B7E2F805492006DCDBB /* 909 Tom 4.wav */ = {isa = PBXFileReference; lastKnownFileType = audio.wav; path = "909 Tom 4.wav"; sourceTree = "<group>"; };
		181E3BAB2F87FC69006DCDBB /* 505 CHH.wav */ = {isa = PBXFileReference; lastKnownFileType = audio.wav; path = "505 CHH.wav"; sourceTree = "<group>"; };
		181E3BAC2F87FC69006DCDBB /* 505 Clap.wav */ = {isa = PBXFileReference; lastKnownFileType = audio.wav; path = "505 Clap.wav"; sourceTree = "<group>"; };
		181E3BAD2F87FC69006DCDBB /* 505 Conga Hi.wav */ = {isa = PBXFileReference; lastKnownFileType = audio.wav; path = "505 Conga Hi.wav"; sourceTree = "<group>"; };
		181E3BAE2F87FC69006DCDBB /* 505 Conga Low.wav */ = {isa = PBXFileReference; lastKnownFileType = audio.wav; path = "505 Conga Low.wav"; sourceTree = "<group>"; };
		181E3BAF2F87FC69006DCDBB /* 505 Cowbell Hi.wav */ = {isa = PBXFileReference; lastKnownFileType = audio.wav; path = "505 Cowbell Hi.wav"; sourceTree = "<group>"; };
		181E3BB02F87FC69006DCDBB /* 505 Cowbell Low.wav */ = {isa = PBXFileReference; lastKnownFileType = audio.wav; path = "505 Cowbell Low.wav"; sourceTree = "<group>"; };
		181E3BB12F87FC69006DCDBB /* 505 Crash.wav */ = {isa = PBXFileReference; lastKnownFileType = audio.wav; path = "505 Crash.wav"; sourceTree = "<group>"; };
		181E3BB22F87FC69006DCDBB /* 505 Kick.wav */ = {isa = PBXFileReference; lastKnownFileType = audio.wav; path = "505 Kick.wav"; sourceTree = "<group>"; };
		181E3BB32F87FC69006DCDBB /* 505 OHH.wav */ = {isa = PBXFileReference; lastKnownFileType = audio.wav; path = "505 OHH.wav"; sourceTree = "<group>"; };
		181E3BB42F87FC69006DCDBB /* 505 Ride.wav */ = {isa = PBXFileReference; lastKnownFileType = audio.wav; path = "505 Ride.wav"; sourceTree = "<group>"; };
		181E3BB52F87FC69006DCDBB /* 505 Rim.wav */ = {isa = PBXFileReference; lastKnownFileType = audio.wav; path = "505 Rim.wav"; sourceTree = "<group>"; };
		181E3BB62F87FC69006DCDBB /* 505 Snare.wav */ = {isa = PBXFileReference; lastKnownFileType = audio.wav; path = "505 Snare.wav"; sourceTree = "<group>"; };
		181E3BB72F87FC69006DCDBB /* 505 Timbale.wav */ = {isa = PBXFileReference; lastKnownFileType = audio.wav; path = "505 Timbale.wav"; sourceTree = "<group>"; };
		181E3BB82F87FC69006DCDBB /* 505 Tom1.wav */ = {isa = PBXFileReference; lastKnownFileType = audio.wav; path = "505 Tom1.wav"; sourceTree = "<group>"; };
		181E3BB92F87FC69006DCDBB /* 505 Tom2.wav */ = {isa = PBXFileReference; lastKnownFileType = audio.wav; path = "505 Tom2.wav"; sourceTree = "<group>"; };
		181E3BBA2F87FC69006DCDBB /* 505 Tom3.wav */ = {isa = PBXFileReference; lastKnownFileType = audio.wav; path = "505 Tom3.wav"; sourceTree = "<group>"; };
		1863D0602F6E394F0043032C /* 808.wav */ = {isa = PBXFileReference; lastKnownFileType = audio.wav; path = 808.wav; sourceTree = "<group>"; };
		1863D0612F6E394F0043032C /* Clap.wav */ = {isa = PBXFileReference; lastKnownFileType = audio.wav; path = Clap.wav; sourceTree = "<group>"; };
		1863D0622F6E394F0043032C /* Claves.wav */ = {isa = PBXFileReference; lastKnownFileType = audio.wav; path = Claves.wav; sourceTree = "<group>"; };
		1863D0632F6E394F0043032C /* Conga High.wav */ = {isa = PBXFileReference; lastKnownFileType = audio.wav; path = "Conga High.wav"; sourceTree = "<group>"; };
		1863D0642F6E394F0043032C /* Conga Low.wav */ = {isa = PBXFileReference; lastKnownFileType = audio.wav; path = "Conga Low.wav"; sourceTree = "<group>"; };
		1863D0652F6E394F0043032C /* Conga Mid.wav */ = {isa = PBXFileReference; lastKnownFileType = audio.wav; path = "Conga Mid.wav"; sourceTree = "<group>"; };
		1863D0662F6E394F0043032C /* Cowbell.wav */ = {isa = PBXFileReference; lastKnownFileType = audio.wav; path = Cowbell.wav; sourceTree = "<group>"; };
		1863D0672F6E394F0043032C /* Cymbal.wav */ = {isa = PBXFileReference; lastKnownFileType = audio.wav; path = Cymbal.wav; sourceTree = "<group>"; };
		1863D0682F6E394F0043032C /* Hihat.wav */ = {isa = PBXFileReference; lastKnownFileType = audio.wav; path = Hihat.wav; sourceTree = "<group>"; };
		1863D0692F6E394F0043032C /* Kick Basic.wav */ = {isa = PBXFileReference; lastKnownFileType = audio.wav; path = "Kick Basic.wav"; sourceTree = "<group>"; };
		1863D06A2F6E394F0043032C /* Kick Long.wav */ = {isa = PBXFileReference; lastKnownFileType = audio.wav; path = "Kick Long.wav"; sourceTree = "<group>"; };
		1863D06B2F6E394F0043032C /* Kick Mid.wav */ = {isa = PBXFileReference; lastKnownFileType = audio.wav; path = "Kick Mid.wav"; sourceTree = "<group>"; };
		1863D06C2F6E394F0043032C /* Kick Short.wav */ = {isa = PBXFileReference; lastKnownFileType = audio.wav; path = "Kick Short.wav"; sourceTree = "<group>"; };
		1863D06D2F6E394F0043032C /* Maracas.wav */ = {isa = PBXFileReference; lastKnownFileType = audio.wav; path = Maracas.wav; sourceTree = "<group>"; };
		1863D06E2F6E394F0043032C /* Open Hat Long.wav */ = {isa = PBXFileReference; lastKnownFileType = audio.wav; path = "Open Hat Long.wav"; sourceTree = "<group>"; };
		1863D06F2F6E394F0043032C /* Open Hat Short.wav */ = {isa = PBXFileReference; lastKnownFileType = audio.wav; path = "Open Hat Short.wav"; sourceTree = "<group>"; };
		1863D0702F6E394F0043032C /* Rimshot.wav */ = {isa = PBXFileReference; lastKnownFileType = audio.wav; path = Rimshot.wav; sourceTree = "<group>"; };
		1863D0712F6E394F0043032C /* Snare Bright.wav */ = {isa = PBXFileReference; lastKnownFileType = audio.wav; path = "Snare Bright.wav"; sourceTree = "<group>"; };
		1863D0722F6E394F0043032C /* Snare High.wav */ = {isa = PBXFileReference; lastKnownFileType = audio.wav; path = "Snare High.wav"; sourceTree = "<group>"; };
		1863D0732F6E394F0043032C /* Snare Low.wav */ = {isa = PBXFileReference; lastKnownFileType = audio.wav; path = "Snare Low.wav"; sourceTree = "<group>"; };
		1863D0742F6E394F0043032C /* Snare Mid.wav */ = {isa = PBXFileReference; lastKnownFileType = audio.wav; path = "Snare Mid.wav"; sourceTree = "<group>"; };
		1863D0752F6E394F0043032C /* Tom High.wav */ = {isa = PBXFileReference; lastKnownFileType = audio.wav; path = "Tom High.wav"; sourceTree = "<group>"; };
		1863D0762F6E394F0043032C /* Tom Low.wav */ = {isa = PBXFileReference; lastKnownFileType = audio.wav; path = "Tom Low.wav"; sourceTree = "<group>"; };
		1863D0772F6E394F0043032C /* Tom Mid.wav */ = {isa = PBXFileReference; lastKnownFileType = audio.wav; path = "Tom Mid.wav"; sourceTree = "<group>"; };
		187927B42F730A01001789F5 /* Breaks.app */ = {isa = PBXFileReference; explicitFileType = wrapper.application; includeInIndex = 0; path = Breaks.app; sourceTree = BUILT_PRODUCTS_DIR; };
/* End PBXFileReference section */

/* Begin PBXFileSystemSynchronizedRootGroup section */
		1863CFAE2F6B9CC60043032C /* Breaks */ = {
			isa = PBXFileSystemSynchronizedRootGroup;
			path = Breaks;
			sourceTree = "<group>";
		};
/* End PBXFileSystemSynchronizedRootGroup section */

/* Begin PBXFrameworksBuildPhase section */
		1863CFA92F6B9CC60043032C /* Frameworks */ = {
			isa = PBXFrameworksBuildPhase;
			buildActionMask = 2147483647;
			files = (
			);
			runOnlyForDeploymentPostprocessing = 0;
		};
/* End PBXFrameworksBuildPhase section */

/* Begin PBXGroup section */
		181E3AA82F802080006DCDBB /* LinnDrum Kit */ = {
			isa = PBXGroup;
			children = (
				181E3A912F802080006DCDBB /* LD Cabasa Hard.wav */,
				181E3A922F802080006DCDBB /* LD Cabasa Soft.wav */,
				181E3A932F802080006DCDBB /* LD Clap.wav */,
				181E3A942F802080006DCDBB /* LD Conga Hi.wav */,
				181E3A952F802080006DCDBB /* LD Conga Low.wav */,
				181E3A962F802080006DCDBB /* LD Cowbell.wav */,
				181E3A972F802080006DCDBB /* LD Crash.wav */,
				181E3A982F802080006DCDBB /* LD Hat Close.wav */,
				181E3A992F802080006DCDBB /* LD Hat Med.wav */,
				181E3A9A2F802080006DCDBB /* LD Hat Open.wav */,
				181E3A9B2F802080006DCDBB /* LD Kick Hard.wav */,
				181E3A9C2F802080006DCDBB /* LD Kick Soft.wav */,
				181E3A9D2F802080006DCDBB /* LD Ride Hard.wav */,
				181E3A9E2F802080006DCDBB /* LD Ride Soft.wav */,
				181E3A9F2F802080006DCDBB /* LD Sidestick.wav */,
				181E3AA02F802080006DCDBB /* LD Snare Hard.wav */,
				181E3AA12F802080006DCDBB /* LD Snare Mid.wav */,
				181E3AA22F802080006DCDBB /* LD Snare Soft.wav */,
				181E3AA32F802080006DCDBB /* LD Tambourine Hard.wav */,
				181E3AA42F802080006DCDBB /* LD Tambourine Soft.wav */,
				181E3AA52F802080006DCDBB /* LD Tom1.wav */,
				181E3AA62F802080006DCDBB /* LD Tom2.wav */,
				181E3AA72F802080006DCDBB /* LD Tom3.wav */,
			);
			path = "LinnDrum Kit";
			sourceTree = "<group>";
		};
		181E3B342F803D4C006DCDBB /* Sequential Circuits DrumTraks Kit */ = {
			isa = PBXGroup;
			children = (
				181E3B292F803D4C006DCDBB /* DT Cabasa.wav */,
				181E3B2A2F803D4C006DCDBB /* DT CHH.wav */,
				181E3B2B2F803D4C006DCDBB /* DT Cowbell.wav */,
				181E3B2C2F803D4C006DCDBB /* DT Crash.wav */,
				181E3B2D2F803D4C006DCDBB /* DT Kick.wav */,
				181E3B2E2F803D4C006DCDBB /* DT OHH.wav */,
				181E3B2F2F803D4C006DCDBB /* DT Ride.wav */,
				181E3B302F803D4C006DCDBB /* DT Rim.wav */,
				181E3B312F803D4C006DCDBB /* DT Snare.wav */,
				181E3B322F803D4C006DCDBB /* DT Tom1.wav */,
				181E3B332F803D4C006DCDBB /* DT Tom2.wav */,
			);
			path = "Sequential Circuits DrumTraks Kit";
			sourceTree = "<group>";
		};
		181E3B7F2F805492006DCDBB /* TR-909 Kit */ = {
			isa = PBXGroup;
			children = (
				181E3B682F805492006DCDBB /* 909 Clap 1.wav */,
				181E3B692F805492006DCDBB /* 909 Clap 2.wav */,
				181E3B6A2F805492006DCDBB /* 909 Closed Hat.wav */,
				181E3B6B2F805492006DCDBB /* 909 Closed Hat 2.wav */,
				181E3B6C2F805492006DCDBB /* 909 Crash 1.wav */,
				181E3B6D2F805492006DCDBB /* 909 Crash 2.wav */,
				181E3B6E2F805492006DCDBB /* 909 Crash 3.wav */,
				181E3B6F2F805492006DCDBB /* 909 Hi Hat 1.wav */,
				181E3B702F805492006DCDBB /* 909 Kick 1.wav */,
				181E3B712F805492006DCDBB /* 909 Kick 2.wav */,
				181E3B722F805492006DCDBB /* 909 Open Hat.wav */,
				181E3B732F805492006DCDBB /* 909 Open Hat 2.wav */,
				181E3B742F805492006DCDBB /* 909 Ride 1.wav */,
				181E3B752F805492006DCDBB /* 909 Ride 2.wav */,
				181E3B762F805492006DCDBB /* 909 Ride 3.wav */,
				181E3B772F805492006DCDBB /* 909 Rim Shot.wav */,
				181E3B782F805492006DCDBB /* 909 Snare 1.wav */,
				181E3B792F805492006DCDBB /* 909 Snare 2.wav */,
				181E3B7A2F805492006DCDBB /* 909 Snare 3.wav */,
				181E3B7B2F805492006DCDBB /* 909 Tom 1.wav */,
				181E3B7C2F805492006DCDBB /* 909 Tom 2.wav */,
				181E3B7D2F805492006DCDBB /* 909 Tom 3.wav */,
				181E3B7E2F805492006DCDBB /* 909 Tom 4.wav */,
			);
			path = "TR-909 Kit";
			sourceTree = "<group>";
		};
		181E3BBB2F87FC69006DCDBB /* Roland TR-505 */ = {
			isa = PBXGroup;
			children = (
				181E3BAB2F87FC69006DCDBB /* 505 CHH.wav */,
				181E3BAC2F87FC69006DCDBB /* 505 Clap.wav */,
				181E3BAD2F87FC69006DCDBB /* 505 Conga Hi.wav */,
				181E3BAE2F87FC69006DCDBB /* 505 Conga Low.wav */,
				181E3BAF2F87FC69006DCDBB /* 505 Cowbell Hi.wav */,
				181E3BB02F87FC69006DCDBB /* 505 Cowbell Low.wav */,
				181E3BB12F87FC69006DCDBB /* 505 Crash.wav */,
				181E3BB22F87FC69006DCDBB /* 505 Kick.wav */,
				181E3BB32F87FC69006DCDBB /* 505 OHH.wav */,
				181E3BB42F87FC69006DCDBB /* 505 Ride.wav */,
				181E3BB52F87FC69006DCDBB /* 505 Rim.wav */,
				181E3BB62F87FC69006DCDBB /* 505 Snare.wav */,
				181E3BB72F87FC69006DCDBB /* 505 Timbale.wav */,
				181E3BB82F87FC69006DCDBB /* 505 Tom1.wav */,
				181E3BB92F87FC69006DCDBB /* 505 Tom2.wav */,
				181E3BBA2F87FC69006DCDBB /* 505 Tom3.wav */,
			);
			path = "Roland TR-505";
			sourceTree = "<group>";
		};
		1863CFA32F6B9CC60043032C = {
			isa = PBXGroup;
			children = (
				1863CFAE2F6B9CC60043032C /* Breaks */,
				1863D0782F6E394F0043032C /* TR-808 Kit */,
				187927B42F730A01001789F5 /* Breaks.app */,
				181E3AA82F802080006DCDBB /* LinnDrum Kit */,
				181E3B342F803D4C006DCDBB /* Sequential Circuits DrumTraks Kit */,
				181E3B7F2F805492006DCDBB /* TR-909 Kit */,
				181E3BBB2F87FC69006DCDBB /* Roland TR-505 */,
			);
			sourceTree = "<group>";
		};
		1863D0782F6E394F0043032C /* TR-808 Kit */ = {
			isa = PBXGroup;
			children = (
				1863D0602F6E394F0043032C /* 808.wav */,
				1863D0612F6E394F0043032C /* Clap.wav */,
				1863D0622F6E394F0043032C /* Claves.wav */,
				1863D0632F6E394F0043032C /* Conga High.wav */,
				1863D0642F6E394F0043032C /* Conga Low.wav */,
				1863D0652F6E394F0043032C /* Conga Mid.wav */,
				1863D0662F6E394F0043032C /* Cowbell.wav */,
				1863D0672F6E394F0043032C /* Cymbal.wav */,
				1863D0682F6E394F0043032C /* Hihat.wav */,
				1863D0692F6E394F0043032C /* Kick Basic.wav */,
				1863D06A2F6E394F0043032C /* Kick Long.wav */,
				1863D06B2F6E394F0043032C /* Kick Mid.wav */,
				1863D06C2F6E394F0043032C /* Kick Short.wav */,
				1863D06D2F6E394F0043032C /* Maracas.wav */,
				1863D06E2F6E394F0043032C /* Open Hat Long.wav */,
				1863D06F2F6E394F0043032C /* Open Hat Short.wav */,
				1863D0702F6E394F0043032C /* Rimshot.wav */,
				1863D0712F6E394F0043032C /* Snare Bright.wav */,
				1863D0722F6E394F0043032C /* Snare High.wav */,
				1863D0732F6E394F0043032C /* Snare Low.wav */,
				1863D0742F6E394F0043032C /* Snare Mid.wav */,
				1863D0752F6E394F0043032C /* Tom High.wav */,
				1863D0762F6E394F0043032C /* Tom Low.wav */,
				1863D0772F6E394F0043032C /* Tom Mid.wav */,
			);
			path = "TR-808 Kit";
			sourceTree = "<group>";
		};
/* End PBXGroup section */

/* Begin PBXNativeTarget section */
		1863CFAB2F6B9CC60043032C /* Breaks */ = {
			isa = PBXNativeTarget;
			buildConfigurationList = 1863CFB92F6B9CC70043032C /* Build configuration list for PBXNativeTarget "Breaks" */;
			buildPhases = (
				1863CFA82F6B9CC60043032C /* Sources */,
				1863CFA92F6B9CC60043032C /* Frameworks */,
				1863CFAA2F6B9CC60043032C /* Resources */,
			);
			buildRules = (
			);
			dependencies = (
			);
			fileSystemSynchronizedGroups = (
				1863CFAE2F6B9CC60043032C /* Breaks */,
			);
			name = Breaks;
			packageProductDependencies = (
			);
			productName = Breaks;
			productReference = 187927B42F730A01001789F5 /* Breaks.app */;
			productType = "com.apple.product-type.application";
		};
/* End PBXNativeTarget section */

/* Begin PBXProject section */
		1863CFA42F6B9CC60043032C /* Project object */ = {
			isa = PBXProject;
			attributes = {
				BuildIndependentTargetsInParallel = 1;
				LastSwiftUpdateCheck = 2630;
				LastUpgradeCheck = 2630;
				TargetAttributes = {
					1863CFAB2F6B9CC60043032C = {
						CreatedOnToolsVersion = 26.3;
					};
				};
			};
			buildConfigurationList = 1863CFA72F6B9CC60043032C /* Build configuration list for PBXProject "Breaks" */;
			developmentRegion = en;
			hasScannedForEncodings = 0;
			knownRegions = (
				en,
				Base,
			);
			mainGroup = 1863CFA32F6B9CC60043032C;
			minimizedProjectReferenceProxies = 1;
			preferredProjectObjectVersion = 77;
			productRefGroup = 1863CFA32F6B9CC60043032C;
			projectDirPath = "";
			projectRoot = "";
			targets = (
				1863CFAB2F6B9CC60043032C /* Breaks */,
			);
		};
/* End PBXProject section */

/* Begin PBXResourcesBuildPhase section */
		1863CFAA2F6B9CC60043032C /* Resources */ = {
			isa = PBXResourcesBuildPhase;
			buildActionMask = 2147483647;
			files = (
				1863D0792F6E394F0043032C /* Claves.wav in Resources */,
				1863D07A2F6E394F0043032C /* Rimshot.wav in Resources */,
				1863D07B2F6E394F0043032C /* Conga Low.wav in Resources */,
				1863D07C2F6E394F0043032C /* Snare High.wav in Resources */,
				1863D07D2F6E394F0043032C /* Clap.wav in Resources */,
				1863D07E2F6E394F0043032C /* Kick Mid.wav in Resources */,
				1863D07F2F6E394F0043032C /* Kick Long.wav in Resources */,
				1863D0802F6E394F0043032C /* Hihat.wav in Resources */,
				1863D0812F6E394F0043032C /* Open Hat Short.wav in Resources */,
				1863D0822F6E394F0043032C /* Tom Low.wav in Resources */,
				1863D0832F6E394F0043032C /* Kick Short.wav in Resources */,
				1863D0842F6E394F0043032C /* Snare Low.wav in Resources */,
				1863D0852F6E394F0043032C /* Cowbell.wav in Resources */,
				1863D0862F6E394F0043032C /* Maracas.wav in Resources */,
				1863D0872F6E394F0043032C /* Conga Mid.wav in Resources */,
				1863D0882F6E394F0043032C /* Tom Mid.wav in Resources */,
				1863D0892F6E394F0043032C /* Cymbal.wav in Resources */,
				1863D08A2F6E394F0043032C /* Snare Mid.wav in Resources */,
				181E3AB72F802080006DCDBB /* LD Tambourine Hard.wav in Resources */,
				181E3ABD2F802080006DCDBB /* LD Snare Hard.wav in Resources */,
				181E3ABE2F802080006DCDBB /* LD Ride Hard.wav in Resources */,
				181E3AC12F802080006DCDBB /* LD Conga Hi.wav in Resources */,
				181E3AC42F802080006DCDBB /* LD Kick Hard.wav in Resources */,
				181E3AC72F802080006DCDBB /* LD Conga Low.wav in Resources */,
				181E3ACB2F802080006DCDBB /* LD Snare Soft.wav in Resources */,
				181E3ACC2F802080006DCDBB /* LD Hat Open.wav in Resources */,
				181E3ACF2F802080006DCDBB /* LD Clap.wav in Resources */,
				181E3B352F803D4C006DCDBB /* DT Rim.wav in Resources */,
				181E3B362F803D4C006DCDBB /* DT Kick.wav in Resources */,
				181E3B372F803D4C006DCDBB /* DT Ride.wav in Resources */,
				181E3B382F803D4C006DCDBB /* DT Snare.wav in Resources */,
				181E3B392F803D4C006DCDBB /* DT Cabasa.wav in Resources */,
				181E3B3A2F803D4C006DCDBB /* DT OHH.wav in Resources */,
				181E3B3B2F803D4C006DCDBB /* DT Crash.wav in Resources */,
				181E3B3C2F803D4C006DCDBB /* DT Tom1.wav in Resources */,
				181E3B3D2F803D4C006DCDBB /* DT Tom2.wav in Resources */,
				181E3B3E2F803D4C006DCDBB /* DT CHH.wav in Resources */,
				181E3B3F2F803D4C006DCDBB /* DT Cowbell.wav in Resources */,
				181E3AD02F802080006DCDBB /* LD Tom3.wav in Resources */,
				181E3AD12F802080006DCDBB /* LD Cowbell.wav in Resources */,
				181E3B802F805492006DCDBB /* 909 Tom 1.wav in Resources */,
				181E3B812F805492006DCDBB /* 909 Snare 3.wav in Resources */,
				181E3B822F805492006DCDBB /* 909 Crash 1.wav in Resources */,
				181E3B832F805492006DCDBB /* 909 Tom 4.wav in Resources */,
				181E3B842F805492006DCDBB /* 909 Closed Hat.wav in Resources */,
				181E3B852F805492006DCDBB /* 909 Snare 1.wav in Resources */,
				181E3B862F805492006DCDBB /* 909 Tom 3.wav in Resources */,
				181E3B872F805492006DCDBB /* 909 Open Hat.wav in Resources */,
				181E3B882F805492006DCDBB /* 909 Kick 2.wav in Resources */,
				181E3B892F805492006DCDBB /* 909 Rim Shot.wav in Resources */,
				181E3B8A2F805492006DCDBB /* 909 Closed Hat 2.wav in Resources */,
				181E3B8B2F805492006DCDBB /* 909 Ride 3.wav in Resources */,
				181E3B8C2F805492006DCDBB /* 909 Crash 2.wav in Resources */,
				181E3B8D2F805492006DCDBB /* 909 Ride 1.wav in Resources */,
				181E3B8E2F805492006DCDBB /* 909 Clap 2.wav in Resources */,
				181E3B8F2F805492006DCDBB /* 909 Kick 1.wav in Resources */,
				181E3B902F805492006DCDBB /* 909 Ride 2.wav in Resources */,
				181E3B912F805492006DCDBB /* 909 Snare 2.wav in Resources */,
				181E3B922F805492006DCDBB /* 909 Open Hat 2.wav in Resources */,
				181E3B932F805492006DCDBB /* 909 Tom 2.wav in Resources */,
				181E3B942F805492006DCDBB /* 909 Crash 3.wav in Resources */,
				181E3B952F805492006DCDBB /* 909 Hi Hat 1.wav in Resources */,
				181E3B962F805492006DCDBB /* 909 Clap 1.wav in Resources */,
				181E3AD82F802080006DCDBB /* LD Cabasa Soft.wav in Resources */,
				181E3ADB2F802080006DCDBB /* LD Tom2.wav in Resources */,
				181E3ADC2F802080006DCDBB /* LD Crash.wav in Resources */,
				181E3ADD2F802080006DCDBB /* LD Snare Mid.wav in Resources */,
				181E3AE32F802080006DCDBB /* LD Tambourine Soft.wav in Resources */,
				181E3AE82F802080006DCDBB /* LD Tom1.wav in Resources */,
				181E3AE92F802080006DCDBB /* LD Kick Soft.wav in Resources */,
				181E3BBC2F87FC69006DCDBB /* 505 Tom2.wav in Resources */,
				181E3BBD2F87FC69006DCDBB /* 505 Rim.wav in Resources */,
				181E3BBE2F87FC69006DCDBB /* 505 Crash.wav in Resources */,
				181E3BBF2F87FC69006DCDBB /* 505 Timbale.wav in Resources */,
				181E3BC02F87FC69006DCDBB /* 505 Tom3.wav in Resources */,
				181E3BC12F87FC69006DCDBB /* 505 Conga Low.wav in Resources */,
				181E3BC22F87FC69006DCDBB /* 505 Kick.wav in Resources */,
				181E3BC32F87FC69006DCDBB /* 505 Conga Hi.wav in Resources */,
				181E3BC42F87FC69006DCDBB /* 505 Ride.wav in Resources */,
				181E3BC52F87FC69006DCDBB /* 505 OHH.wav in Resources */,
				181E3BC62F87FC69006DCDBB /* 505 Cowbell Hi.wav in Resources */,
				181E3BC72F87FC69006DCDBB /* 505 CHH.wav in Resources */,
				181E3BC82F87FC69006DCDBB /* 505 Snare.wav in Resources */,
				181E3BC92F87FC69006DCDBB /* 505 Cowbell Low.wav in Resources */,
				181E3BCA2F87FC69006DCDBB /* 505 Clap.wav in Resources */,
				181E3BCB2F87FC69006DCDBB /* 505 Tom1.wav in Resources */,
				181E3AEB2F802080006DCDBB /* LD Hat Close.wav in Resources */,
				181E3AED2F802080006DCDBB /* LD Sidestick.wav in Resources */,
				181E3AF02F802080006DCDBB /* LD Hat Med.wav in Resources */,
				181E3AF12F802080006DCDBB /* LD Ride Soft.wav in Resources */,
				181E3AFF2F802080006DCDBB /* LD Cabasa Hard.wav in Resources */,
				1863D08B2F6E394F0043032C /* 808.wav in Resources */,
				1863D08C2F6E394F0043032C /* Kick Basic.wav in Resources */,
				1863D08D2F6E394F0043032C /* Snare Bright.wav in Resources */,
				1863D08E2F6E394F0043032C /* Tom High.wav in Resources */,
				1863D08F2F6E394F0043032C /* Conga High.wav in Resources */,
				1863D0902F6E394F0043032C /* Open Hat Long.wav in Resources */,
			);
			runOnlyForDeploymentPostprocessing = 0;
		};
/* End PBXResourcesBuildPhase section */

/* Begin PBXSourcesBuildPhase section */
		1863CFA82F6B9CC60043032C /* Sources */ = {
			isa = PBXSourcesBuildPhase;
			buildActionMask = 2147483647;
			files = (
			);
			runOnlyForDeploymentPostprocessing = 0;
		};
/* End PBXSourcesBuildPhase section */

/* Begin XCBuildConfiguration section */
		1863CFB72F6B9CC70043032C /* Debug */ = {
			isa = XCBuildConfiguration;
			buildSettings = {
				ALWAYS_SEARCH_USER_PATHS = NO;
				ASSETCATALOG_COMPILER_GENERATE_SWIFT_ASSET_SYMBOL_EXTENSIONS = YES;
				CLANG_ANALYZER_NONNULL = YES;
				CLANG_ANALYZER_NUMBER_OBJECT_CONVERSION = YES_AGGRESSIVE;
				CLANG_CXX_LANGUAGE_STANDARD = "gnu++20";
				CLANG_ENABLE_MODULES = YES;
				CLANG_ENABLE_OBJC_ARC = YES;
				CLANG_ENABLE_OBJC_WEAK = YES;
				CLANG_WARN_BLOCK_CAPTURE_AUTORELEASING = YES;
				CLANG_WARN_BOOL_CONVERSION = YES;
				CLANG_WARN_COMMA = YES;
				CLANG_WARN_CONSTANT_CONVERSION = YES;
				CLANG_WARN_DEPRECATED_OBJC_IMPLEMENTATIONS = YES;
				CLANG_WARN_DIRECT_OBJC_ISA_USAGE = YES_ERROR;
				CLANG_WARN_DOCUMENTATION_COMMENTS = YES;
				CLANG_WARN_EMPTY_BODY = YES;
				CLANG_WARN_ENUM_CONVERSION = YES;
				CLANG_WARN_INFINITE_RECURSION = YES;
				CLANG_WARN_INT_CONVERSION = YES;
				CLANG_WARN_NON_LITERAL_NULL_CONVERSION = YES;
				CLANG_WARN_OBJC_IMPLICIT_RETAIN_SELF = YES;
				CLANG_WARN_OBJC_LITERAL_CONVERSION = YES;
				CLANG_WARN_OBJC_ROOT_CLASS = YES_ERROR;
				CLANG_WARN_QUOTED_INCLUDE_IN_FRAMEWORK_HEADER = YES;
				CLANG_WARN_RANGE_LOOP_ANALYSIS = YES;
				CLANG_WARN_STRICT_PROTOTYPES = YES;
				CLANG_WARN_SUSPICIOUS_MOVE = YES;
				CLANG_WARN_UNGUARDED_AVAILABILITY = YES_AGGRESSIVE;
				CLANG_WARN_UNREACHABLE_CODE = YES;
				CLANG_WARN__DUPLICATE_METHOD_MATCH = YES;
				COPY_PHASE_STRIP = NO;
				DEBUG_INFORMATION_FORMAT = dwarf;
				DEVELOPMENT_TEAM = TV5335TD3U;
				ENABLE_STRICT_OBJC_MSGSEND = YES;
				ENABLE_TESTABILITY = YES;
				ENABLE_USER_SCRIPT_SANDBOXING = YES;
				GCC_C_LANGUAGE_STANDARD = gnu17;
				GCC_DYNAMIC_NO_PIC = NO;
				GCC_NO_COMMON_BLOCKS = YES;
				GCC_OPTIMIZATION_LEVEL = 0;
				GCC_PREPROCESSOR_DEFINITIONS = (
					"DEBUG=1",
					"$(inherited)",
				);
				GCC_WARN_64_TO_32_BIT_CONVERSION = YES;
				GCC_WARN_ABOUT_RETURN_TYPE = YES_ERROR;
				GCC_WARN_UNDECLARED_SELECTOR = YES;
				GCC_WARN_UNINITIALIZED_AUTOS = YES_AGGRESSIVE;
				GCC_WARN_UNUSED_FUNCTION = YES;
				GCC_WARN_UNUSED_VARIABLE = YES;
				IPHONEOS_DEPLOYMENT_TARGET = 26.2;
				LOCALIZATION_PREFERS_STRING_CATALOGS = YES;
				MTL_ENABLE_DEBUG_INFO = INCLUDE_SOURCE;
				MTL_FAST_MATH = YES;
				ONLY_ACTIVE_ARCH = YES;
				SDKROOT = iphoneos;
				SWIFT_ACTIVE_COMPILATION_CONDITIONS = "DEBUG $(inherited)";
				SWIFT_OPTIMIZATION_LEVEL = "-Onone";
			};
			name = Debug;
		};
		1863CFB82F6B9CC70043032C /* Release */ = {
			isa = XCBuildConfiguration;
			buildSettings = {
				ALWAYS_SEARCH_USER_PATHS = NO;
				ASSETCATALOG_COMPILER_GENERATE_SWIFT_ASSET_SYMBOL_EXTENSIONS = YES;
				CLANG_ANALYZER_NONNULL = YES;
				CLANG_ANALYZER_NUMBER_OBJECT_CONVERSION = YES_AGGRESSIVE;
				CLANG_CXX_LANGUAGE_STANDARD = "gnu++20";
				CLANG_ENABLE_MODULES = YES;
				CLANG_ENABLE_OBJC_ARC = YES;
				CLANG_ENABLE_OBJC_WEAK = YES;
				CLANG_WARN_BLOCK_CAPTURE_AUTORELEASING = YES;
				CLANG_WARN_BOOL_CONVERSION = YES;
				CLANG_WARN_COMMA = YES;
				CLANG_WARN_CONSTANT_CONVERSION = YES;
				CLANG_WARN_DEPRECATED_OBJC_IMPLEMENTATIONS = YES;
				CLANG_WARN_DIRECT_OBJC_ISA_USAGE = YES_ERROR;
				CLANG_WARN_DOCUMENTATION_COMMENTS = YES;
				CLANG_WARN_EMPTY_BODY = YES;
				CLANG_WARN_ENUM_CONVERSION = YES;
				CLANG_WARN_INFINITE_RECURSION = YES;
				CLANG_WARN_INT_CONVERSION = YES;
				CLANG_WARN_NON_LITERAL_NULL_CONVERSION = YES;
				CLANG_WARN_OBJC_IMPLICIT_RETAIN_SELF = YES;
				CLANG_WARN_OBJC_LITERAL_CONVERSION = YES;
				CLANG_WARN_OBJC_ROOT_CLASS = YES_ERROR;
				CLANG_WARN_QUOTED_INCLUDE_IN_FRAMEWORK_HEADER = YES;
				CLANG_WARN_RANGE_LOOP_ANALYSIS = YES;
				CLANG_WARN_STRICT_PROTOTYPES = YES;
				CLANG_WARN_SUSPICIOUS_MOVE = YES;
				CLANG_WARN_UNGUARDED_AVAILABILITY = YES_AGGRESSIVE;
				CLANG_WARN_UNREACHABLE_CODE = YES;
				CLANG_WARN__DUPLICATE_METHOD_MATCH = YES;
				COPY_PHASE_STRIP = NO;
				DEBUG_INFORMATION_FORMAT = "dwarf-with-dsym";
				DEVELOPMENT_TEAM = TV5335TD3U;
				ENABLE_NS_ASSERTIONS = NO;
				ENABLE_STRICT_OBJC_MSGSEND = YES;
				ENABLE_USER_SCRIPT_SANDBOXING = YES;
				GCC_C_LANGUAGE_STANDARD = gnu17;
				GCC_NO_COMMON_BLOCKS = YES;
				GCC_WARN_64_TO_32_BIT_CONVERSION = YES;
				GCC_WARN_ABOUT_RETURN_TYPE = YES_ERROR;
				GCC_WARN_UNDECLARED_SELECTOR = YES;
				GCC_WARN_UNINITIALIZED_AUTOS = YES_AGGRESSIVE;
				GCC_WARN_UNUSED_FUNCTION = YES;
				GCC_WARN_UNUSED_VARIABLE = YES;
				IPHONEOS_DEPLOYMENT_TARGET = 26.2;
				LOCALIZATION_PREFERS_STRING_CATALOGS = YES;
				MTL_ENABLE_DEBUG_INFO = NO;
				MTL_FAST_MATH = YES;
				SDKROOT = iphoneos;
				SWIFT_COMPILATION_MODE = wholemodule;
				VALIDATE_PRODUCT = YES;
			};
			name = Release;
		};
		1863CFBA2F6B9CC70043032C /* Debug */ = {
			isa = XCBuildConfiguration;
			buildSettings = {
				ASSETCATALOG_COMPILER_APPICON_NAME = AppIcon;
				ASSETCATALOG_COMPILER_GLOBAL_ACCENT_COLOR_NAME = AccentColor;
				ASSETCATALOG_COMPILER_INCLUDE_ALL_APPICON_ASSETS = NO;
				CODE_SIGN_STYLE = Automatic;
				CURRENT_PROJECT_VERSION = 1;
				DEVELOPMENT_TEAM = TV5335TD3U;
				ENABLE_PREVIEWS = YES;
				GENERATE_INFOPLIST_FILE = YES;
				INFOPLIST_KEY_NSMicrophoneUsageDescription = "Breaks needs microphone access to record samples into pads.";
				INFOPLIST_KEY_UIApplicationSceneManifest_Generation = YES;
				INFOPLIST_KEY_UIApplicationSupportsIndirectInputEvents = YES;
				INFOPLIST_KEY_UILaunchScreen_Generation = YES;
				INFOPLIST_KEY_UISupportedInterfaceOrientations_iPad = "UIInterfaceOrientationPortrait UIInterfaceOrientationPortraitUpsideDown UIInterfaceOrientationLandscapeLeft UIInterfaceOrientationLandscapeRight";
				INFOPLIST_KEY_UISupportedInterfaceOrientations_iPhone = "UIInterfaceOrientationPortrait UIInterfaceOrientationLandscapeLeft UIInterfaceOrientationLandscapeRight";
				LD_RUNPATH_SEARCH_PATHS = (
					"$(inherited)",
					"@executable_path/Frameworks",
				);
				MARKETING_VERSION = 1.0;
				PRODUCT_BUNDLE_IDENTIFIER = ethanzoozoopet.Breaks;
				PRODUCT_NAME = "$(TARGET_NAME)";
				STRING_CATALOG_GENERATE_SYMBOLS = YES;
				SWIFT_APPROACHABLE_CONCURRENCY = YES;
				SWIFT_DEFAULT_ACTOR_ISOLATION = MainActor;
				SWIFT_EMIT_LOC_STRINGS = YES;
				SWIFT_UPCOMING_FEATURE_MEMBER_IMPORT_VISIBILITY = YES;
				SWIFT_VERSION = 5.0;
				TARGETED_DEVICE_FAMILY = "1,2";
			};
			name = Debug;
		};
		1863CFBB2F6B9CC70043032C /* Release */ = {
			isa = XCBuildConfiguration;
			buildSettings = {
				ASSETCATALOG_COMPILER_APPICON_NAME = AppIcon;
				ASSETCATALOG_COMPILER_GLOBAL_ACCENT_COLOR_NAME = AccentColor;
				ASSETCATALOG_COMPILER_INCLUDE_ALL_APPICON_ASSETS = NO;
				CODE_SIGN_STYLE = Automatic;
				CURRENT_PROJECT_VERSION = 1;
				DEVELOPMENT_TEAM = TV5335TD3U;
				ENABLE_PREVIEWS = YES;
				GENERATE_INFOPLIST_FILE = YES;
				INFOPLIST_KEY_NSMicrophoneUsageDescription = "Breaks needs microphone access to record samples into pads.";
				INFOPLIST_KEY_UIApplicationSceneManifest_Generation = YES;
				INFOPLIST_KEY_UIApplicationSupportsIndirectInputEvents = YES;
				INFOPLIST_KEY_UILaunchScreen_Generation = YES;
				INFOPLIST_KEY_UISupportedInterfaceOrientations_iPad = "UIInterfaceOrientationPortrait UIInterfaceOrientationPortraitUpsideDown UIInterfaceOrientationLandscapeLeft UIInterfaceOrientationLandscapeRight";
				INFOPLIST_KEY_UISupportedInterfaceOrientations_iPhone = "UIInterfaceOrientationPortrait UIInterfaceOrientationLandscapeLeft UIInterfaceOrientationLandscapeRight";
				LD_RUNPATH_SEARCH_PATHS = (
					"$(inherited)",
					"@executable_path/Frameworks",
				);
				MARKETING_VERSION = 1.0;
				PRODUCT_BUNDLE_IDENTIFIER = ethanzoozoopet.Breaks;
				PRODUCT_NAME = "$(TARGET_NAME)";
				STRING_CATALOG_GENERATE_SYMBOLS = YES;
				SWIFT_APPROACHABLE_CONCURRENCY = YES;
				SWIFT_DEFAULT_ACTOR_ISOLATION = MainActor;
				SWIFT_EMIT_LOC_STRINGS = YES;
				SWIFT_UPCOMING_FEATURE_MEMBER_IMPORT_VISIBILITY = YES;
				SWIFT_VERSION = 5.0;
				TARGETED_DEVICE_FAMILY = "1,2";
			};
			name = Release;
		};
/* End XCBuildConfiguration section */

/* Begin XCConfigurationList section */
		1863CFA72F6B9CC60043032C /* Build configuration list for PBXProject "Breaks" */ = {
			isa = XCConfigurationList;
			buildConfigurations = (
				1863CFB72F6B9CC70043032C /* Debug */,
				1863CFB82F6B9CC70043032C /* Release */,
			);
			defaultConfigurationIsVisible = 0;
			defaultConfigurationName = Release;
		};
		1863CFB92F6B9CC70043032C /* Build configuration list for PBXNativeTarget "Breaks" */ = {
			isa = XCConfigurationList;
			buildConfigurations = (
				1863CFBA2F6B9CC70043032C /* Debug */,
				1863CFBB2F6B9CC70043032C /* Release */,
			);
			defaultConfigurationIsVisible = 0;
			defaultConfigurationName = Release;
		};
/* End XCConfigurationList section */
	};
	rootObject = 1863CFA42F6B9CC60043032C /* Project object */;
}
